
Microsoft Visual Studio Solution File, Format Version 12.00
# Visual Studio Version 17
VisualStudioVersion = 17.8.34525.116
MinimumVisualStudioVersion = 10.0.40219.1
Project("{FAE04EC0-301F-11D3-BF4B-00C04F79EFBC}") = "Cursovaya", "Cursovaya\Cursovaya.csproj", "{DE40C8C3-4152-4B6D-943B-A2DE59FC6378}"
EndProject
Global
	GlobalSection(SolutionConfigurationPlatforms) = preSolution
		Debug|Any CPU = Debug|Any CPU
		Release|Any CPU = Release|Any CPU
	EndGlobalSection
	GlobalSection(ProjectConfigurationPlatforms) = postSolution
		{DE40C8C3-4152-4B6D-943B-A2DE59FC6378}.Debug|Any CPU.ActiveCfg = Debug|Any CPU
		{DE40C8C3-4152-4B6D-943B-A2DE59FC6378}.Debug|Any CPU.Build.0 = Debug|Any CPU
		{DE40C8C3-4152-4B6D-943B-A2DE59FC6378}.Release|Any CPU.ActiveCfg = Release|Any CPU
		{DE40C8C3-4152-4B6D-943B-A2DE59FC6378}.Release|Any CPU.Build.0 = Release|Any CPU
	EndGlobalSection
	GlobalSection(SolutionProperties) = preSolution
		HideSolutionNode = FALSE
	EndGlobalSection
	GlobalSection(ExtensibilityGlobals) = postSolution
		SolutionGuid = {39FB5201-FC13-4EA0-BF49-BF3589753121}
	EndGlobalSection
EndGlobal
